// !$*UTF8*$!
{
	archiveVersion = 1;
	classes = {
	};
	objectVersion = 46;
	objects = {

/* Begin PBXBuildFile section */
		30C3769B80E6AEACF92D671D /* Pods_BasicSwiftExample.framework in Frameworks */ = {isa = PBXBuildFile; fileRef = 27214F7569E88F233A0B68ED /* Pods_BasicSwiftExample.framework */; };
		3818E3111CE3199500D9D58E /* AppDelegate.swift in Sources */ = {isa = PBXBuildFile; fileRef = 3818E3101CE3199500D9D58E /* AppDelegate.swift */; };
		3818E3131CE3199500D9D58E /* ViewController.swift in Sources */ = {isa = PBXBuildFile; fileRef = 3818E3121CE3199500D9D58E /* ViewController.swift */; };
		3818E3161CE3199500D9D58E /* Main.storyboard in Resources */ = {isa = PBXBuildFile; fileRef = 3818E3141CE3199500D9D58E /* Main.storyboard */; };
		3818E3181CE3199500D9D58E /* Assets.xcassets in Resources */ = {isa = PBXBuildFile; fileRef = 3818E3171CE3199500D9D58E /* Assets.xcassets */; };
		3818E3271CE3233600D9D58E /* LaunchScreen.xib in Resources */ = {isa = PBXBuildFile; fileRef = 3818E3251CE3233600D9D58E /* LaunchScreen.xib */; };
/* End PBXBuildFile section */

/* Begin PBXFileReference section */
		27214F7569E88F233A0B68ED /* Pods_BasicSwiftExample.framework */ = {isa = PBXFileReference; explicitFileType = wrapper.framework; includeInIndex = 0; path = Pods_BasicSwiftExample.framework; sourceTree = BUILT_PRODUCTS_DIR; };
		2F06AE3B71B30C0F76AC9846 /* Pods-BasicSwiftExample.release.xcconfig */ = {isa = PBXFileReference; includeInIndex = 1; lastKnownFileType = text.xcconfig; name = "Pods-BasicSwiftExample.release.xcconfig"; path = "Pods/Target Support Files/Pods-BasicSwiftExample/Pods-BasicSwiftExample.release.xcconfig"; sourceTree = "<group>"; };
		3818E30D1CE3199500D9D58E /* BasicSwiftExample.app */ = {isa = PBXFileReference; explicitFileType = wrapper.application; includeInIndex = 0; path = BasicSwiftExample.app; sourceTree = BUILT_PRODUCTS_DIR; };
		3818E3101CE3199500D9D58E /* AppDelegate.swift */ = {isa = PBXFileReference; lastKnownFileType = sourcecode.swift; path = AppDelegate.swift; sourceTree = "<group>"; };
		3818E3121CE3199500D9D58E /* ViewController.swift */ = {isa = PBXFileReference; lastKnownFileType = sourcecode.swift; path = ViewController.swift; sourceTree = "<group>"; };
		3818E3151CE3199500D9D58E /* Base */ = {isa = PBXFileReference; lastKnownFileType = file.storyboard; name = Base; path = Base.lproj/Main.storyboard; sourceTree = "<group>"; };
		3818E3171CE3199500D9D58E /* Assets.xcassets */ = {isa = PBXFileReference; lastKnownFileType = folder.assetcatalog; path = Assets.xcassets; sourceTree = "<group>"; };
		3818E31C1CE3199500D9D58E /* Info.plist */ = {isa = PBXFileReference; lastKnownFileType = text.plist.xml; path = Info.plist; sourceTree = "<group>"; };
		3818E3261CE3233600D9D58E /* Base */ = {isa = PBXFileReference; lastKnownFileType = file.xib; name = Base; path = Base.lproj/LaunchScreen.xib; sourceTree = "<group>"; };
		8256C4B506C7D66D38B926E5 /* Pods-BasicSwiftExample.debug.xcconfig */ = {isa = PBXFileReference; includeInIndex = 1; lastKnownFileType = text.xcconfig; name = "Pods-BasicSwiftExample.debug.xcconfig"; path = "Pods/Target Support Files/Pods-BasicSwiftExample/Pods-BasicSwiftExample.debug.xcconfig"; sourceTree = "<group>"; };
/* End PBXFileReference section */

/* Begin PBXFrameworksBuildPhase section */
		3818E30A1CE3199500D9D58E /* Frameworks */ = {
			isa = PBXFrameworksBuildPhase;
			buildActionMask = 2147483647;
			files = (
				30C3769B80E6AEACF92D671D /* Pods_BasicSwiftExample.framework in Frameworks */,
			);
			runOnlyForDeploymentPostprocessing = 0;
		};
/* End PBXFrameworksBuildPhase section */

/* Begin PBXGroup section */
		0E3974ECEF99C2835ABF4175 /* Frameworks */ = {
			isa = PBXGroup;
			children = (
				27214F7569E88F233A0B68ED /* Pods_BasicSwiftExample.framework */,
			);
			name = Frameworks;
			sourceTree = "<group>";
		};
		3818E3041CE3199500D9D58E = {
			isa = PBXGroup;
			children = (
				3818E30F1CE3199500D9D58E /* BasicSwiftExample */,
				3818E30E1CE3199500D9D58E /* Products */,
				9246522EBDA233EDA7A0880D /* Pods */,
				0E3974ECEF99C2835ABF4175 /* Frameworks */,
			);
			sourceTree = "<group>";
		};
		3818E30E1CE3199500D9D58E /* Products */ = {
			isa = PBXGroup;
			children = (
				3818E30D1CE3199500D9D58E /* BasicSwiftExample.app */,
			);
			name = Products;
			sourceTree = "<group>";
		};
		3818E30F1CE3199500D9D58E /* BasicSwiftExample */ = {
			isa = PBXGroup;
			children = (
				3818E3251CE3233600D9D58E /* LaunchScreen.xib */,
				3818E3101CE3199500D9D58E /* AppDelegate.swift */,
				3818E3121CE3199500D9D58E /* ViewController.swift */,
				3818E3141CE3199500D9D58E /* Main.storyboard */,
				3818E3171CE3199500D9D58E /* Assets.xcassets */,
				3818E31C1CE3199500D9D58E /* Info.plist */,
			);
			path = BasicSwiftExample;
			sourceTree = "<group>";
		};
		9246522EBDA233EDA7A0880D /* Pods */ = {
			isa = PBXGroup;
			children = (
				8256C4B506C7D66D38B926E5 /* Pods-BasicSwiftExample.debug.xcconfig */,
				2F06AE3B71B30C0F76AC9846 /* Pods-BasicSwiftExample.release.xcconfig */,
			);
			name = Pods;
			sourceTree = "<group>";
		};
/* End PBXGroup section */

/* Begin PBXNativeTarget section */
		3818E30C1CE3199500D9D58E /* BasicSwiftExample */ = {
			isa = PBXNativeTarget;
			buildConfigurationList = 3818E31F1CE3199500D9D58E /* Build configuration list for PBXNativeTarget "BasicSwiftExample" */;
			buildPhases = (
				73A6CC9D57744E16B98EBBC8 /* [CP] Check Pods Manifest.lock */,
				3818E3091CE3199500D9D58E /* Sources */,
				3818E30A1CE3199500D9D58E /* Frameworks */,
				3818E30B1CE3199500D9D58E /* Resources */,
				7F344C83896E38543AD6BDC8 /* [CP] Embed Pods Frameworks */,
				634F63316A27E87E8C6B4E85 /* [CP] Copy Pods Resources */,
			);
			buildRules = (
			);
			dependencies = (
			);
			name = BasicSwiftExample;
			productName = BasicSwiftExample;
			productReference = 3818E30D1CE3199500D9D58E /* BasicSwiftExample.app */;
			productType = "com.apple.product-type.application";
		};
/* End PBXNativeTarget section */

/* Begin PBXProject section */
		3818E3051CE3199500D9D58E /* Project object */ = {
			isa = PBXProject;
			attributes = {
				LastSwiftUpdateCheck = 0730;
				LastUpgradeCheck = 0730;
				ORGANIZATIONNAME = HeadsApp;
				TargetAttributes = {
					3818E30C1CE3199500D9D58E = {
						CreatedOnToolsVersion = 7.3;
						DevelopmentTeam = 7J5R62NNQC;
						LastSwiftMigration = 0800;
					};
				};
			};
			buildConfigurationList = 3818E3081CE3199500D9D58E /* Build configuration list for PBXProject "BasicSwiftExample" */;
			compatibilityVersion = "Xcode 3.2";
			developmentRegion = English;
			hasScannedForEncodings = 0;
			knownRegions = (
				en,
				Base,
			);
			mainGroup = 3818E3041CE3199500D9D58E;
			productRefGroup = 3818E30E1CE3199500D9D58E /* Products */;
			projectDirPath = "";
			projectRoot = "";
			targets = (
				3818E30C1CE3199500D9D58E /* BasicSwiftExample */,
			);
		};
/* End PBXProject section */

/* Begin PBXResourcesBuildPhase section */
		3818E30B1CE3199500D9D58E /* Resources */ = {
			isa = PBXResourcesBuildPhase;
			buildActionMask = 2147483647;
			files = (
				3818E3181CE3199500D9D58E /* Assets.xcassets in Resources */,
				3818E3271CE3233600D9D58E /* LaunchScreen.xib in Resources */,
				3818E3161CE3199500D9D58E /* Main.storyboard in Resources */,
			);
			runOnlyForDeploymentPostprocessing = 0;
		};
/* End PBXResourcesBuildPhase section */

/* Begin PBXShellScriptBuildPhase section */
		634F63316A27E87E8C6B4E85 /* [CP] Copy Pods Resources */ = {
			isa = PBXShellScriptBuildPhase;
			buildActionMask = 2147483647;
			files = (
			);
			inputPaths = (
			);
			name = "[CP] Copy Pods Resources";
			outputPaths = (
			);
			runOnlyForDeploymentPostprocessing = 0;
			shellPath = /bin/sh;
			shellScript = "\"${SRCROOT}/Pods/Target Support Files/Pods-BasicSwiftExample/Pods-BasicSwiftExample-resources.sh\"\n";
			showEnvVarsInLog = 0;
		};
		73A6CC9D57744E16B98EBBC8 /* [CP] Check Pods Manifest.lock */ = {
			isa = PBXShellScriptBuildPhase;
			buildActionMask = 2147483647;
			files = (
			);
			inputPaths = (
			);
			name = "[CP] Check Pods Manifest.lock";
			outputPaths = (
			);
			runOnlyForDeploymentPostprocessing = 0;
			shellPath = /bin/sh;
			shellScript = "diff \"${PODS_ROOT}/../Podfile.lock\" \"${PODS_ROOT}/Manifest.lock\" > /dev/null\nif [[ $? != 0 ]] ; then\n    cat << EOM\nerror: The sandbox is not in sync with the Podfile.lock. Run 'pod install' or update your CocoaPods installation.\nEOM\n    exit 1\nfi\n";
			showEnvVarsInLog = 0;
		};
		7F344C83896E38543AD6BDC8 /* [CP] Embed Pods Frameworks */ = {
			isa = PBXShellScriptBuildPhase;
			buildActionMask = 2147483647;
			files = (
			);
			inputPaths = (
			);
			name = "[CP] Embed Pods Frameworks";
			outputPaths = (
			);
			runOnlyForDeploymentPostprocessing = 0;
			shellPath = /bin/sh;
			shellScript = "\"${SRCROOT}/Pods/Target Support Files/Pods-BasicSwiftExample/Pods-BasicSwiftExample-frameworks.sh\"\n";
			showEnvVarsInLog = 0;
		};
/* End PBXShellScriptBuildPhase section */

/* Begin PBXSourcesBuildPhase section */
		3818E3091CE3199500D9D58E /* Sources */ = {
			isa = PBXSourcesBuildPhase;
			buildActionMask = 2147483647;
			files = (
				3818E3131CE3199500D9D58E /* ViewController.swift in Sources */,
				3818E3111CE3199500D9D58E /* AppDelegate.swift in Sources */,
			);
			runOnlyForDeploymentPostprocessing = 0;
		};
/* End PBXSourcesBuildPhase section */

/* Begin PBXVariantGroup section */
		3818E3141CE3199500D9D58E /* Main.storyboard */ = {
			isa = PBXVariantGroup;
			children = (
				3818E3151CE3199500D9D58E /* Base */,
			);
			name = Main.storyboard;
			sourceTree = "<group>";
		};
		3818E3251CE3233600D9D58E /* LaunchScreen.xib */ = {
			isa = PBXVariantGroup;
			children = (
				3818E3261CE3233600D9D58E /* Base */,
			);
			name = LaunchScreen.xib;
			sourceTree = "<group>";
		};
/* End PBXVariantGroup section */

/* Begin XCBuildConfiguration section */
		3818E31D1CE3199500D9D58E /* Debug */ = {
			isa = XCBuildConfiguration;
			buildSettings = {
				ALWAYS_SEARCH_USER_PATHS = NO;
				CLANG_ANALYZER_NONNULL = YES;
				CLANG_CXX_LANGUAGE_STANDARD = "gnu++0x";
				CLANG_CXX_LIBRARY = "libc++";
				CLANG_ENABLE_MODULES = YES;
				CLANG_ENABLE_OBJC_ARC = YES;
				CLANG_WARN_BOOL_CONVERSION = YES;
				CLANG_WARN_CONSTANT_CONVERSION = YES;
				CLANG_WARN_DIRECT_OBJC_ISA_USAGE = YES_ERROR;
				CLANG_WARN_EMPTY_BODY = YES;
				CLANG_WARN_ENUM_CONVERSION = YES;
				CLANG_WARN_INT_CONVERSION = YES;
				CLANG_WARN_OBJC_ROOT_CLASS = YES_ERROR;
				CLANG_WARN_UNREACHABLE_CODE = YES;
				CLANG_WARN__DUPLICATE_METHOD_MATCH = YES;
				"CODE_SIGN_IDENTITY[sdk=iphoneos*]" = "iPhone Developer";
				COPY_PHASE_STRIP = NO;
				DEBUG_INFORMATION_FORMAT = dwarf;
				ENABLE_BITCODE = NO;
				ENABLE_STRICT_OBJC_MSGSEND = YES;
				ENABLE_TESTABILITY = YES;
				GCC_C_LANGUAGE_STANDARD = gnu99;
				GCC_DYNAMIC_NO_PIC = NO;
				GCC_NO_COMMON_BLOCKS = YES;
				GCC_OPTIMIZATION_LEVEL = 0;
				GCC_PREPROCESSOR_DEFINITIONS = (
					"DEBUG=1",
					"$(inherited)",
				);
				GCC_WARN_64_TO_32_BIT_CONVERSION = YES;
				GCC_WARN_ABOUT_RETURN_TYPE = YES_ERROR;
				GCC_WARN_UNDECLARED_SELECTOR = YES;
				GCC_WARN_UNINITIALIZED_AUTOS = YES_AGGRESSIVE;
				GCC_WARN_UNUSED_FUNCTION = YES;
				GCC_WARN_UNUSED_VARIABLE = YES;
				IPHONEOS_DEPLOYMENT_TARGET = 9.3;
				MTL_ENABLE_DEBUG_INFO = YES;
				ONLY_ACTIVE_ARCH = YES;
				SDKROOT = iphoneos;
				SWIFT_OPTIMIZATION_LEVEL = "-Onone";
			};
			name = Debug;
		};
		3818E31E1CE3199500D9D58E /* Release */ = {
			isa = XCBuildConfiguration;
			buildSettings = {
				ALWAYS_SEARCH_USER_PATHS = NO;
				CLANG_ANALYZER_NONNULL = YES;
				CLANG_CXX_LANGUAGE_STANDARD = "gnu++0x";
				CLANG_CXX_LIBRARY = "libc++";
				CLANG_ENABLE_MODULES = YES;
				CLANG_ENABLE_OBJC_ARC = YES;
				CLANG_WARN_BOOL_CONVERSION = YES;
				CLANG_WARN_CONSTANT_CONVERSION = YES;
				CLANG_WARN_DIRECT_OBJC_ISA_USAGE = YES_ERROR;
				CLANG_WARN_EMPTY_BODY = YES;
				CLANG_WARN_ENUM_CONVERSION = YES;
				CLANG_WARN_INT_CONVERSION = YES;
				CLANG_WARN_OBJC_ROOT_CLASS = YES_ERROR;
				CLANG_WARN_UNREACHABLE_CODE = YES;
				CLANG_WARN__DUPLICATE_METHOD_MATCH = YES;
				"CODE_SIGN_IDENTITY[sdk=iphoneos*]" = "iPhone Developer";
				COPY_PHASE_STRIP = NO;
				DEBUG_INFORMATION_FORMAT = "dwarf-with-dsym";
				ENABLE_BITCODE = NO;
				ENABLE_NS_ASSERTIONS = NO;
				ENABLE_STRICT_OBJC_MSGSEND = YES;
				GCC_C_LANGUAGE_STANDARD = gnu99;
				GCC_NO_COMMON_BLOCKS = YES;
				GCC_WARN_64_TO_32_BIT_CONVERSION = YES;
				GCC_WARN_ABOUT_RETURN_TYPE = YES_ERROR;
				GCC_WARN_UNDECLARED_SELECTOR = YES;
				GCC_WARN_UNINITIALIZED_AUTOS = YES_AGGRESSIVE;
				GCC_WARN_UNUSED_FUNCTION = YES;
				GCC_WARN_UNUSED_VARIABLE = YES;
				IPHONEOS_DEPLOYMENT_TARGET = 9.3;
				MTL_ENABLE_DEBUG_INFO = NO;
				SDKROOT = iphoneos;
				VALIDATE_PRODUCT = YES;
			};
			name = Release;
		};
		3818E3201CE3199500D9D58E /* Debug */ = {
			isa = XCBuildConfiguration;
			baseConfigurationReference = 8256C4B506C7D66D38B926E5 /* Pods-BasicSwiftExample.debug.xcconfig */;
			buildSettings = {
				ASSETCATALOG_COMPILER_APPICON_NAME = AppIcon;
				CODE_SIGN_IDENTITY = "iPhone Developer";
				INFOPLIST_FILE = BasicSwiftExample/Info.plist;
				LD_RUNPATH_SEARCH_PATHS = "$(inherited) @executable_path/Frameworks";
				PRODUCT_BUNDLE_IDENTIFIER = "com.headsapp-tech.BasicSwiftExample";
				PRODUCT_NAME = "$(TARGET_NAME)";
				SWIFT_VERSION = 3.0;
			};
			name = Debug;
		};
		3818E3211CE3199500D9D58E /* Release */ = {
			isa = XCBuildConfiguration;
			baseConfigurationReference = 2F06AE3B71B30C0F76AC9846 /* Pods-BasicSwiftExample.release.xcconfig */;
			buildSettings = {
				ASSETCATALOG_COMPILER_APPICON_NAME = AppIcon;
				CODE_SIGN_IDENTITY = "iPhone Developer";
				INFOPLIST_FILE = BasicSwiftExample/Info.plist;
				LD_RUNPATH_SEARCH_PATHS = "$(inherited) @executable_path/Frameworks";
				PRODUCT_BUNDLE_IDENTIFIER = "com.headsapp-tech.BasicSwiftExample";
				PRODUCT_NAME = "$(TARGET_NAME)";
				SWIFT_VERSION = 3.0;
			};
			name = Release;
		};
/* End XCBuildConfiguration section */

/* Begin XCConfigurationList section */
		3818E3081CE3199500D9D58E /* Build configuration list for PBXProject "BasicSwiftExample" */ = {
			isa = XCConfigurationList;
			buildConfigurations = (
				3818E31D1CE3199500D9D58E /* Debug */,
				3818E31E1CE3199500D9D58E /* Release */,
			);
			defaultConfigurationIsVisible = 0;
			defaultConfigurationName = Release;
		};
		3818E31F1CE3199500D9D58E /* Build configuration list for PBXNativeTarget "BasicSwiftExample" */ = {
			isa = XCConfigurationList;
			buildConfigurations = (
				3818E3201CE3199500D9D58E /* Debug */,
				3818E3211CE3199500D9D58E /* Release */,
			);
			defaultConfigurationIsVisible = 0;
			defaultConfigurationName = Release;
		};
/* End XCConfigurationList section */
	};
	rootObject = 3818E3051CE3199500D9D58E /* Project object */;
}
